
Microsoft Visual Studio Solution File, Format Version 12.00
# Visual Studio Version 17
VisualStudioVersion = 17.4.33213.308
MinimumVisualStudioVersion = 10.0.40219.1
Project("{FAE04EC0-301F-11D3-BF4B-00C04F79EFBC}") = "OneDriveSuspender", "OneDriveSuspender.csproj", "{84943E96-798F-4786-88E2-5BED341A2C22}"
EndProject
Global
	GlobalSection(SolutionConfigurationPlatforms) = preSolution
		Debug|Any CPU = Debug|Any CPU
		Release|Any CPU = Release|Any CPU
	EndGlobalSection
	GlobalSection(ProjectConfigurationPlatforms) = postSolution
		{84943E96-798F-4786-88E2-5BED341A2C22}.Debug|Any CPU.ActiveCfg = Debug|Any CPU
		{84943E96-798F-4786-88E2-5BED341A2C22}.Debug|Any CPU.Build.0 = Debug|Any CPU
		{84943E96-798F-4786-88E2-5BED341A2C22}.Release|Any CPU.ActiveCfg = Release|Any CPU
		{84943E96-798F-4786-88E2-5BED341A2C22}.Release|Any CPU.Build.0 = Release|Any CPU
	EndGlobalSection
	GlobalSection(SolutionProperties) = preSolution
		HideSolutionNode = FALSE
	EndGlobalSection
	GlobalSection(ExtensibilityGlobals) = postSolution
		SolutionGuid = {704BF17C-DD8E-4F26-938C-0FCD9BD17CEF}
	EndGlobalSection
EndGlobal
